
Microsoft Visual Studio Solution File, Format Version 12.00
# Visual Studio Version 16
VisualStudioVersion = 16.0.30717.126
MinimumVisualStudioVersion = 10.0.40219.1
Project("{FAE04EC0-301F-11D3-BF4B-00C04F79EFBC}") = "VendingMachineAssessment", "VendingMachineAssessment\VendingMachineAssessment.csproj", "{4F2BA9DD-1B14-4BB9-A808-E98787AE1F9A}"
EndProject
Global
	GlobalSection(SolutionConfigurationPlatforms) = preSolution
		Debug|Any CPU = Debug|Any CPU
		Release|Any CPU = Release|Any CPU
	EndGlobalSection
	GlobalSection(ProjectConfigurationPlatforms) = postSolution
		{4F2BA9DD-1B14-4BB9-A808-E98787AE1F9A}.Debug|Any CPU.ActiveCfg = Debug|Any CPU
		{4F2BA9DD-1B14-4BB9-A808-E98787AE1F9A}.Debug|Any CPU.Build.0 = Debug|Any CPU
		{4F2BA9DD-1B14-4BB9-A808-E98787AE1F9A}.Release|Any CPU.ActiveCfg = Release|Any CPU
		{4F2BA9DD-1B14-4BB9-A808-E98787AE1F9A}.Release|Any CPU.Build.0 = Release|Any CPU
	EndGlobalSection
	GlobalSection(SolutionProperties) = preSolution
		HideSolutionNode = FALSE
	EndGlobalSection
	GlobalSection(ExtensibilityGlobals) = postSolution
		SolutionGuid = {B9105373-E58C-4E28-8E96-ED276705971B}
	EndGlobalSection
EndGlobal
